
Microsoft Visual Studio Solution File, Format Version 12.00
# Visual Studio Version 17
VisualStudioVersion = 17.1.32328.378
MinimumVisualStudioVersion = 10.0.40219.1
Project("{FAE04EC0-301F-11D3-BF4B-00C04F79EFBC}") = "ExcelExportImage", "ExcelExportImage\ExcelExportImage.csproj", "{D176ADA5-A33A-4AC8-9C89-1E7EF1929328}"
EndProject
Global
	GlobalSection(SolutionConfigurationPlatforms) = preSolution
		Debug|Any CPU = Debug|Any CPU
		Release|Any CPU = Release|Any CPU
	EndGlobalSection
	GlobalSection(ProjectConfigurationPlatforms) = postSolution
		{D176ADA5-A33A-4AC8-9C89-1E7EF1929328}.Debug|Any CPU.ActiveCfg = Debug|Any CPU
		{D176ADA5-A33A-4AC8-9C89-1E7EF1929328}.Debug|Any CPU.Build.0 = Debug|Any CPU
		{D176ADA5-A33A-4AC8-9C89-1E7EF1929328}.Release|Any CPU.ActiveCfg = Release|Any CPU
		{D176ADA5-A33A-4AC8-9C89-1E7EF1929328}.Release|Any CPU.Build.0 = Release|Any CPU
	EndGlobalSection
	GlobalSection(SolutionProperties) = preSolution
		HideSolutionNode = FALSE
	EndGlobalSection
	GlobalSection(ExtensibilityGlobals) = postSolution
		SolutionGuid = {B69792BF-7F89-498F-A3E5-9D4319235660}
	EndGlobalSection
EndGlobal
